
Microsoft Visual Studio Solution File, Format Version 12.00
# Visual Studio Version 17
VisualStudioVersion = 17.14.36616.10 d17.14
MinimumVisualStudioVersion = 10.0.40219.1
Project("{FAE04EC0-301F-11D3-BF4B-00C04F79EFBC}") = "Jwt18", "Jwt18\Jwt18.csproj", "{197EE7AC-EF2A-40FA-9D54-172CF294AA58}"
EndProject
Global
	GlobalSection(SolutionConfigurationPlatforms) = preSolution
		Debug|Any CPU = Debug|Any CPU
		Release|Any CPU = Release|Any CPU
	EndGlobalSection
	GlobalSection(ProjectConfigurationPlatforms) = postSolution
		{197EE7AC-EF2A-40FA-9D54-172CF294AA58}.Debug|Any CPU.ActiveCfg = Debug|Any CPU
		{197EE7AC-EF2A-40FA-9D54-172CF294AA58}.Debug|Any CPU.Build.0 = Debug|Any CPU
		{197EE7AC-EF2A-40FA-9D54-172CF294AA58}.Release|Any CPU.ActiveCfg = Release|Any CPU
		{197EE7AC-EF2A-40FA-9D54-172CF294AA58}.Release|Any CPU.Build.0 = Release|Any CPU
	EndGlobalSection
	GlobalSection(SolutionProperties) = preSolution
		HideSolutionNode = FALSE
	EndGlobalSection
	GlobalSection(ExtensibilityGlobals) = postSolution
		SolutionGuid = {FC42D5AD-6497-4FBA-B936-B9D2FDE50B2C}
	EndGlobalSection
EndGlobal
